# THIS IS AN AUTOGENERATED FILE. DO NOT EDIT THIS FILE DIRECTLY.
# yarn lockfile v1


axios@^0.17.1:
  version "0.17.1"
  resolved "http://registry.npm.taobao.org/axios/download/axios-0.17.1.tgz#2d8e3e5d0bdbd7327f91bc814f5c57660f81824d"
  dependencies:
    follow-redirects "^1.2.5"
    is-buffer "^1.1.5"

debug@^3.1.0:
  version "3.1.0"
  resolved "http://registry.npm.taobao.org/debug/download/debug-3.1.0.tgz#5bb5a0672628b64149566ba16819e61518c67261"
  dependencies:
    ms "2.0.0"

follow-redirects@^1.2.5:
  version "1.2.6"
  resolved "http://registry.npm.taobao.org/follow-redirects/download/follow-redirects-1.2.6.tgz#4dcdc7e4ab3dd6765a97ff89c3b4c258117c79bf"
  dependencies:
    debug "^3.1.0"

is-buffer@^1.1.5:
  version "1.1.6"
  resolved "http://registry.npm.taobao.org/is-buffer/download/is-buffer-1.1.6.tgz#efaa2ea9daa0d7ab2ea13a97b2b8ad51fefbe8be"

ms@2.0.0:
  version "2.0.0"
  resolved "http://registry.npm.taobao.org/ms/download/ms-2.0.0.tgz#5608aeadfc00be6c2901df5f9861788de0d597c8"

nodemailer@^4.4.1:
  version "4.4.1"
  resolved "http://registry.npm.taobao.org/nodemailer/download/nodemailer-4.4.1.tgz#ce480eb3db7b949b3366e301b8f0af1c1248025e"
